
Microsoft Visual Studio Solution File, Format Version 12.00
# Visual Studio Version 16
VisualStudioVersion = 16.0.30002.166
MinimumVisualStudioVersion = 10.0.40219.1
Project("{9A19103F-16F7-4668-BE54-9A1E7A4F7556}") = "Assignment", "Assignment.csproj", "{1F364DF8-8A43-4D41-BDB1-9B0D9F8237FA}"
EndProject
Global
	GlobalSection(SolutionConfigurationPlatforms) = preSolution
		Debug|Any CPU = Debug|Any CPU
		Release|Any CPU = Release|Any CPU
	EndGlobalSection
	GlobalSection(ProjectConfigurationPlatforms) = postSolution
		{1F364DF8-8A43-4D41-BDB1-9B0D9F8237FA}.Debug|Any CPU.ActiveCfg = Debug|Any CPU
		{1F364DF8-8A43-4D41-BDB1-9B0D9F8237FA}.Debug|Any CPU.Build.0 = Debug|Any CPU
		{1F364DF8-8A43-4D41-BDB1-9B0D9F8237FA}.Release|Any CPU.ActiveCfg = Release|Any CPU
		{1F364DF8-8A43-4D41-BDB1-9B0D9F8237FA}.Release|Any CPU.Build.0 = Release|Any CPU
	EndGlobalSection
	GlobalSection(SolutionProperties) = preSolution
		HideSolutionNode = FALSE
	EndGlobalSection
	GlobalSection(ExtensibilityGlobals) = postSolution
		SolutionGuid = {F37FA7B7-0F00-4220-8EDE-AD0E3B054D1B}
	EndGlobalSection
EndGlobal
